// !$*UTF8*$!
{
	archiveVersion = 1;
	classes = {
	};
	objectVersion = 46;
	objects = {

/* Begin PBXBuildFile section */
		AE59616E1A52412D00CB9DD2 /* AppDelegate.m in Sources */ = {isa = PBXBuildFile; fileRef = AE59616D1A52412D00CB9DD2 /* AppDelegate.m */; };
		AE5961701A52412D00CB9DD2 /* main.m in Sources */ = {isa = PBXBuildFile; fileRef = AE59616F1A52412D00CB9DD2 /* main.m */; };
		AE5961721A52412D00CB9DD2 /* Images.xcassets in Resources */ = {isa = PBXBuildFile; fileRef = AE5961711A52412D00CB9DD2 /* Images.xcassets */; };
		AE5961751A52412D00CB9DD2 /* MainMenu.xib in Resources */ = {isa = PBXBuildFile; fileRef = AE5961731A52412D00CB9DD2 /* MainMenu.xib */; };
		AE5961811A52412D00CB9DD2 /* MidiTestTests.m in Sources */ = {isa = PBXBuildFile; fileRef = AE5961801A52412D00CB9DD2 /* MidiTestTests.m */; };
		AE59618B1A52414100CB9DD2 /* CoreMIDI.framework in Frameworks */ = {isa = PBXBuildFile; fileRef = AE59618A1A52414100CB9DD2 /* CoreMIDI.framework */; };
/* End PBXBuildFile section */

/* Begin PBXContainerItemProxy section */
		AE59617B1A52412D00CB9DD2 /* PBXContainerItemProxy */ = {
			isa = PBXContainerItemProxy;
			containerPortal = AE59615F1A52412D00CB9DD2 /* Project object */;
			proxyType = 1;
			remoteGlobalIDString = AE5961661A52412D00CB9DD2;
			remoteInfo = MidiTest;
		};
/* End PBXContainerItemProxy section */

/* Begin PBXFileReference section */
		AE5961671A52412D00CB9DD2 /* MidiTest.app */ = {isa = PBXFileReference; explicitFileType = wrapper.application; includeInIndex = 0; path = MidiTest.app; sourceTree = BUILT_PRODUCTS_DIR; };
		AE59616B1A52412D00CB9DD2 /* Info.plist */ = {isa = PBXFileReference; lastKnownFileType = text.plist.xml; path = Info.plist; sourceTree = "<group>"; };
		AE59616C1A52412D00CB9DD2 /* AppDelegate.h */ = {isa = PBXFileReference; lastKnownFileType = sourcecode.c.h; path = AppDelegate.h; sourceTree = "<group>"; };
		AE59616D1A52412D00CB9DD2 /* AppDelegate.m */ = {isa = PBXFileReference; lastKnownFileType = sourcecode.c.objc; path = AppDelegate.m; sourceTree = "<group>"; };
		AE59616F1A52412D00CB9DD2 /* main.m */ = {isa = PBXFileReference; lastKnownFileType = sourcecode.c.objc; path = main.m; sourceTree = "<group>"; };
		AE5961711A52412D00CB9DD2 /* Images.xcassets */ = {isa = PBXFileReference; lastKnownFileType = folder.assetcatalog; path = Images.xcassets; sourceTree = "<group>"; };
		AE5961741A52412D00CB9DD2 /* Base */ = {isa = PBXFileReference; lastKnownFileType = file.xib; name = Base; path = Base.lproj/MainMenu.xib; sourceTree = "<group>"; };
		AE59617A1A52412D00CB9DD2 /* MidiTestTests.xctest */ = {isa = PBXFileReference; explicitFileType = wrapper.cfbundle; includeInIndex = 0; path = MidiTestTests.xctest; sourceTree = BUILT_PRODUCTS_DIR; };
		AE59617F1A52412D00CB9DD2 /* Info.plist */ = {isa = PBXFileReference; lastKnownFileType = text.plist.xml; path = Info.plist; sourceTree = "<group>"; };
		AE5961801A52412D00CB9DD2 /* MidiTestTests.m */ = {isa = PBXFileReference; lastKnownFileType = sourcecode.c.objc; path = MidiTestTests.m; sourceTree = "<group>"; };
		AE59618A1A52414100CB9DD2 /* CoreMIDI.framework */ = {isa = PBXFileReference; lastKnownFileType = wrapper.framework; name = CoreMIDI.framework; path = System/Library/Frameworks/CoreMIDI.framework; sourceTree = SDKROOT; };
/* End PBXFileReference section */

/* Begin PBXFrameworksBuildPhase section */
		AE5961641A52412D00CB9DD2 /* Frameworks */ = {
			isa = PBXFrameworksBuildPhase;
			buildActionMask = 2147483647;
			files = (
				AE59618B1A52414100CB9DD2 /* CoreMIDI.framework in Frameworks */,
			);
			runOnlyForDeploymentPostprocessing = 0;
		};
		AE5961771A52412D00CB9DD2 /* Frameworks */ = {
			isa = PBXFrameworksBuildPhase;
			buildActionMask = 2147483647;
			files = (
			);
			runOnlyForDeploymentPostprocessing = 0;
		};
/* End PBXFrameworksBuildPhase section */

/* Begin PBXGroup section */
		AE59615E1A52412D00CB9DD2 = {
			isa = PBXGroup;
			children = (
				AE59618A1A52414100CB9DD2 /* CoreMIDI.framework */,
				AE5961691A52412D00CB9DD2 /* MidiTest */,
				AE59617D1A52412D00CB9DD2 /* MidiTestTests */,
				AE5961681A52412D00CB9DD2 /* Products */,
			);
			sourceTree = "<group>";
		};
		AE5961681A52412D00CB9DD2 /* Products */ = {
			isa = PBXGroup;
			children = (
				AE5961671A52412D00CB9DD2 /* MidiTest.app */,
				AE59617A1A52412D00CB9DD2 /* MidiTestTests.xctest */,
			);
			name = Products;
			sourceTree = "<group>";
		};
		AE5961691A52412D00CB9DD2 /* MidiTest */ = {
			isa = PBXGroup;
			children = (
				AE59616C1A52412D00CB9DD2 /* AppDelegate.h */,
				AE59616D1A52412D00CB9DD2 /* AppDelegate.m */,
				AE5961711A52412D00CB9DD2 /* Images.xcassets */,
				AE5961731A52412D00CB9DD2 /* MainMenu.xib */,
				AE59616A1A52412D00CB9DD2 /* Supporting Files */,
			);
			path = MidiTest;
			sourceTree = "<group>";
		};
		AE59616A1A52412D00CB9DD2 /* Supporting Files */ = {
			isa = PBXGroup;
			children = (
				AE59616B1A52412D00CB9DD2 /* Info.plist */,
				AE59616F1A52412D00CB9DD2 /* main.m */,
			);
			name = "Supporting Files";
			sourceTree = "<group>";
		};
		AE59617D1A52412D00CB9DD2 /* MidiTestTests */ = {
			isa = PBXGroup;
			children = (
				AE5961801A52412D00CB9DD2 /* MidiTestTests.m */,
				AE59617E1A52412D00CB9DD2 /* Supporting Files */,
			);
			path = MidiTestTests;
			sourceTree = "<group>";
		};
		AE59617E1A52412D00CB9DD2 /* Supporting Files */ = {
			isa = PBXGroup;
			children = (
				AE59617F1A52412D00CB9DD2 /* Info.plist */,
			);
			name = "Supporting Files";
			sourceTree = "<group>";
		};
/* End PBXGroup section */

/* Begin PBXNativeTarget section */
		AE5961661A52412D00CB9DD2 /* MidiTest */ = {
			isa = PBXNativeTarget;
			buildConfigurationList = AE5961841A52412D00CB9DD2 /* Build configuration list for PBXNativeTarget "MidiTest" */;
			buildPhases = (
				AE5961631A52412D00CB9DD2 /* Sources */,
				AE5961641A52412D00CB9DD2 /* Frameworks */,
				AE5961651A52412D00CB9DD2 /* Resources */,
			);
			buildRules = (
			);
			dependencies = (
			);
			name = MidiTest;
			productName = MidiTest;
			productReference = AE5961671A52412D00CB9DD2 /* MidiTest.app */;
			productType = "com.apple.product-type.application";
		};
		AE5961791A52412D00CB9DD2 /* MidiTestTests */ = {
			isa = PBXNativeTarget;
			buildConfigurationList = AE5961871A52412D00CB9DD2 /* Build configuration list for PBXNativeTarget "MidiTestTests" */;
			buildPhases = (
				AE5961761A52412D00CB9DD2 /* Sources */,
				AE5961771A52412D00CB9DD2 /* Frameworks */,
				AE5961781A52412D00CB9DD2 /* Resources */,
			);
			buildRules = (
			);
			dependencies = (
				AE59617C1A52412D00CB9DD2 /* PBXTargetDependency */,
			);
			name = MidiTestTests;
			productName = MidiTestTests;
			productReference = AE59617A1A52412D00CB9DD2 /* MidiTestTests.xctest */;
			productType = "com.apple.product-type.bundle.unit-test";
		};
/* End PBXNativeTarget section */

/* Begin PBXProject section */
		AE59615F1A52412D00CB9DD2 /* Project object */ = {
			isa = PBXProject;
			attributes = {
				LastUpgradeCheck = 0610;
				ORGANIZATIONNAME = soulflyer;
				TargetAttributes = {
					AE5961661A52412D00CB9DD2 = {
						CreatedOnToolsVersion = 6.1.1;
					};
					AE5961791A52412D00CB9DD2 = {
						CreatedOnToolsVersion = 6.1.1;
						TestTargetID = AE5961661A52412D00CB9DD2;
					};
				};
			};
			buildConfigurationList = AE5961621A52412D00CB9DD2 /* Build configuration list for PBXProject "MidiTest" */;
			compatibilityVersion = "Xcode 3.2";
			developmentRegion = English;
			hasScannedForEncodings = 0;
			knownRegions = (
				en,
				Base,
			);
			mainGroup = AE59615E1A52412D00CB9DD2;
			productRefGroup = AE5961681A52412D00CB9DD2 /* Products */;
			projectDirPath = "";
			projectRoot = "";
			targets = (
				AE5961661A52412D00CB9DD2 /* MidiTest */,
				AE5961791A52412D00CB9DD2 /* MidiTestTests */,
			);
		};
/* End PBXProject section */

/* Begin PBXResourcesBuildPhase section */
		AE5961651A52412D00CB9DD2 /* Resources */ = {
			isa = PBXResourcesBuildPhase;
			buildActionMask = 2147483647;
			files = (
				AE5961721A52412D00CB9DD2 /* Images.xcassets in Resources */,
				AE5961751A52412D00CB9DD2 /* MainMenu.xib in Resources */,
			);
			runOnlyForDeploymentPostprocessing = 0;
		};
		AE5961781A52412D00CB9DD2 /* Resources */ = {
			isa = PBXResourcesBuildPhase;
			buildActionMask = 2147483647;
			files = (
			);
			runOnlyForDeploymentPostprocessing = 0;
		};
/* End PBXResourcesBuildPhase section */

/* Begin PBXSourcesBuildPhase section */
		AE5961631A52412D00CB9DD2 /* Sources */ = {
			isa = PBXSourcesBuildPhase;
			buildActionMask = 2147483647;
			files = (
				AE5961701A52412D00CB9DD2 /* main.m in Sources */,
				AE59616E1A52412D00CB9DD2 /* AppDelegate.m in Sources */,
			);
			runOnlyForDeploymentPostprocessing = 0;
		};
		AE5961761A52412D00CB9DD2 /* Sources */ = {
			isa = PBXSourcesBuildPhase;
			buildActionMask = 2147483647;
			files = (
				AE5961811A52412D00CB9DD2 /* MidiTestTests.m in Sources */,
			);
			runOnlyForDeploymentPostprocessing = 0;
		};
/* End PBXSourcesBuildPhase section */

/* Begin PBXTargetDependency section */
		AE59617C1A52412D00CB9DD2 /* PBXTargetDependency */ = {
			isa = PBXTargetDependency;
			target = AE5961661A52412D00CB9DD2 /* MidiTest */;
			targetProxy = AE59617B1A52412D00CB9DD2 /* PBXContainerItemProxy */;
		};
/* End PBXTargetDependency section */

/* Begin PBXVariantGroup section */
		AE5961731A52412D00CB9DD2 /* MainMenu.xib */ = {
			isa = PBXVariantGroup;
			children = (
				AE5961741A52412D00CB9DD2 /* Base */,
			);
			name = MainMenu.xib;
			sourceTree = "<group>";
		};
/* End PBXVariantGroup section */

/* Begin XCBuildConfiguration section */
		AE5961821A52412D00CB9DD2 /* Debug */ = {
			isa = XCBuildConfiguration;
			buildSettings = {
				ALWAYS_SEARCH_USER_PATHS = NO;
				CLANG_CXX_LANGUAGE_STANDARD = "gnu++0x";
				CLANG_CXX_LIBRARY = "libc++";
				CLANG_ENABLE_MODULES = YES;
				CLANG_ENABLE_OBJC_ARC = YES;
				CLANG_WARN_BOOL_CONVERSION = YES;
				CLANG_WARN_CONSTANT_CONVERSION = YES;
				CLANG_WARN_DIRECT_OBJC_ISA_USAGE = YES_ERROR;
				CLANG_WARN_EMPTY_BODY = YES;
				CLANG_WARN_ENUM_CONVERSION = YES;
				CLANG_WARN_INT_CONVERSION = YES;
				CLANG_WARN_OBJC_ROOT_CLASS = YES_ERROR;
				CLANG_WARN_UNREACHABLE_CODE = YES;
				CLANG_WARN__DUPLICATE_METHOD_MATCH = YES;
				CODE_SIGN_IDENTITY = "-";
				COPY_PHASE_STRIP = NO;
				ENABLE_STRICT_OBJC_MSGSEND = YES;
				GCC_C_LANGUAGE_STANDARD = gnu99;
				GCC_DYNAMIC_NO_PIC = NO;
				GCC_OPTIMIZATION_LEVEL = 0;
				GCC_PREPROCESSOR_DEFINITIONS = (
					"DEBUG=1",
					"$(inherited)",
				);
				GCC_SYMBOLS_PRIVATE_EXTERN = NO;
				GCC_WARN_64_TO_32_BIT_CONVERSION = YES;
				GCC_WARN_ABOUT_RETURN_TYPE = YES_ERROR;
				GCC_WARN_UNDECLARED_SELECTOR = YES;
				GCC_WARN_UNINITIALIZED_AUTOS = YES_AGGRESSIVE;
				GCC_WARN_UNUSED_FUNCTION = YES;
				GCC_WARN_UNUSED_VARIABLE = YES;
				MACOSX_DEPLOYMENT_TARGET = 10.9;
				MTL_ENABLE_DEBUG_INFO = YES;
				ONLY_ACTIVE_ARCH = YES;
				SDKROOT = macosx;
			};
			name = Debug;
		};
		AE5961831A52412D00CB9DD2 /* Release */ = {
			isa = XCBuildConfiguration;
			buildSettings = {
				ALWAYS_SEARCH_USER_PATHS = NO;
				CLANG_CXX_LANGUAGE_STANDARD = "gnu++0x";
				CLANG_CXX_LIBRARY = "libc++";
				CLANG_ENABLE_MODULES = YES;
				CLANG_ENABLE_OBJC_ARC = YES;
				CLANG_WARN_BOOL_CONVERSION = YES;
				CLANG_WARN_CONSTANT_CONVERSION = YES;
				CLANG_WARN_DIRECT_OBJC_ISA_USAGE = YES_ERROR;
				CLANG_WARN_EMPTY_BODY = YES;
				CLANG_WARN_ENUM_CONVERSION = YES;
				CLANG_WARN_INT_CONVERSION = YES;
				CLANG_WARN_OBJC_ROOT_CLASS = YES_ERROR;
				CLANG_WARN_UNREACHABLE_CODE = YES;
				CLANG_WARN__DUPLICATE_METHOD_MATCH = YES;
				CODE_SIGN_IDENTITY = "-";
				COPY_PHASE_STRIP = YES;
				DEBUG_INFORMATION_FORMAT = "dwarf-with-dsym";
				ENABLE_NS_ASSERTIONS = NO;
				ENABLE_STRICT_OBJC_MSGSEND = YES;
				GCC_C_LANGUAGE_STANDARD = gnu99;
				GCC_WARN_64_TO_32_BIT_CONVERSION = YES;
				GCC_WARN_ABOUT_RETURN_TYPE = YES_ERROR;
				GCC_WARN_UNDECLARED_SELECTOR = YES;
				GCC_WARN_UNINITIALIZED_AUTOS = YES_AGGRESSIVE;
				GCC_WARN_UNUSED_FUNCTION = YES;
				GCC_WARN_UNUSED_VARIABLE = YES;
				MACOSX_DEPLOYMENT_TARGET = 10.9;
				MTL_ENABLE_DEBUG_INFO = NO;
				SDKROOT = macosx;
			};
			name = Release;
		};
		AE5961851A52412D00CB9DD2 /* Debug */ = {
			isa = XCBuildConfiguration;
			buildSettings = {
				ASSETCATALOG_COMPILER_APPICON_NAME = AppIcon;
				COMBINE_HIDPI_IMAGES = YES;
				INFOPLIST_FILE = MidiTest/Info.plist;
				LD_RUNPATH_SEARCH_PATHS = "$(inherited) @executable_path/../Frameworks";
				PRODUCT_NAME = "$(TARGET_NAME)";
			};
			name = Debug;
		};
		AE5961861A52412D00CB9DD2 /* Release */ = {
			isa = XCBuildConfiguration;
			buildSettings = {
				ASSETCATALOG_COMPILER_APPICON_NAME = AppIcon;
				COMBINE_HIDPI_IMAGES = YES;
				INFOPLIST_FILE = MidiTest/Info.plist;
				LD_RUNPATH_SEARCH_PATHS = "$(inherited) @executable_path/../Frameworks";
				PRODUCT_NAME = "$(TARGET_NAME)";
			};
			name = Release;
		};
		AE5961881A52412D00CB9DD2 /* Debug */ = {
			isa = XCBuildConfiguration;
			buildSettings = {
				BUNDLE_LOADER = "$(TEST_HOST)";
				COMBINE_HIDPI_IMAGES = YES;
				FRAMEWORK_SEARCH_PATHS = (
					"$(DEVELOPER_FRAMEWORKS_DIR)",
					"$(inherited)",
				);
				GCC_PREPROCESSOR_DEFINITIONS = (
					"DEBUG=1",
					"$(inherited)",
				);
				INFOPLIST_FILE = MidiTestTests/Info.plist;
				LD_RUNPATH_SEARCH_PATHS = "$(inherited) @executable_path/../Frameworks @loader_path/../Frameworks";
				PRODUCT_NAME = "$(TARGET_NAME)";
				TEST_HOST = "$(BUILT_PRODUCTS_DIR)/MidiTest.app/Contents/MacOS/MidiTest";
			};
			name = Debug;
		};
		AE5961891A52412D00CB9DD2 /* Release */ = {
			isa = XCBuildConfiguration;
			buildSettings = {
				BUNDLE_LOADER = "$(TEST_HOST)";
				COMBINE_HIDPI_IMAGES = YES;
				FRAMEWORK_SEARCH_PATHS = (
					"$(DEVELOPER_FRAMEWORKS_DIR)",
					"$(inherited)",
				);
				INFOPLIST_FILE = MidiTestTests/Info.plist;
				LD_RUNPATH_SEARCH_PATHS = "$(inherited) @executable_path/../Frameworks @loader_path/../Frameworks";
				PRODUCT_NAME = "$(TARGET_NAME)";
				TEST_HOST = "$(BUILT_PRODUCTS_DIR)/MidiTest.app/Contents/MacOS/MidiTest";
			};
			name = Release;
		};
/* End XCBuildConfiguration section */

/* Begin XCConfigurationList section */
		AE5961621A52412D00CB9DD2 /* Build configuration list for PBXProject "MidiTest" */ = {
			isa = XCConfigurationList;
			buildConfigurations = (
				AE5961821A52412D00CB9DD2 /* Debug */,
				AE5961831A52412D00CB9DD2 /* Release */,
			);
			defaultConfigurationIsVisible = 0;
			defaultConfigurationName = Release;
		};
		AE5961841A52412D00CB9DD2 /* Build configuration list for PBXNativeTarget "MidiTest" */ = {
			isa = XCConfigurationList;
			buildConfigurations = (
				AE5961851A52412D00CB9DD2 /* Debug */,
				AE5961861A52412D00CB9DD2 /* Release */,
			);
			defaultConfigurationIsVisible = 0;
		};
		AE5961871A52412D00CB9DD2 /* Build configuration list for PBXNativeTarget "MidiTestTests" */ = {
			isa = XCConfigurationList;
			buildConfigurations = (
				AE5961881A52412D00CB9DD2 /* Debug */,
				AE5961891A52412D00CB9DD2 /* Release */,
			);
			defaultConfigurationIsVisible = 0;
		};
/* End XCConfigurationList section */
	};
	rootObject = AE59615F1A52412D00CB9DD2 /* Project object */;
}
